github.com/aws/aws-sdk-go-v2 v1.22.2 h1:lV0U8fnhAnPz8YcdmZVV60+tr6CakHzqA6P8T46ExJI=
github.com/aws/aws-sdk-go-v2 v1.22.2/go.mod h1:Kd0OJtkW3Q0M0lUWGszapWjEvrXDzRW+D21JNsroB+c=
github.com/aws/aws-sdk-go-v2/internal/configsources v1.2.2 h1:AaQsr5vvGR7rmeSWBtTCcw16tT9r51mWijuCQhzLnq8=
github.com/aws/aws-sdk-go-v2/internal/configsources v1.2.2/go.mod h1:o1IiRn7CWocIFTXJjGKJDOwxv1ibL53NpcvcqGWyRBA=
github.com/aws/aws-sdk-go-v2/internal/endpoints/v2 v2.5.2 h1:UZx8SXZ0YtzRiALzYAWcjb9Y9hZUR7MBKaBQ5ouOjPs=
github.com/aws/aws-sdk-go-v2/internal/endpoints/v2 v2.5.2/go.mod h1:ipuRpcSaklmxR6C39G187TpBAO132gUfleTGccUPs8c=
github.com/aws/aws-sdk-go-v2/service/sqs v1.28.0 h1:+JVIntWBGQJ8M3rNEFNHiIzF4CMpfrRe+Xt39mS+6VA=
github.com/aws/aws-sdk-go-v2/service/sqs v1.28.0/go.mod h1:lf0CvAYZ5VaBd0mTUcuVRqQYm3Mk+L7xKvRPudRzhik=
github.com/aws/smithy-go v1.16.0 h1:gJZEH/Fqh+RsvlJ1Zt4tVAtV6bKkp3cC+R6FCZMNzik=
github.com/aws/smithy-go v1.16.0/go.mod h1:NukqUGpCZIILqqiV0NIjeFh24kd/FAa4beRb6nbIUPE=
github.com/davecgh/go-spew v1.1.1 h1:vj9j/u1bqnvCEfJOwUhtlOARqs3+rkHYY13jYWTU97c=
github.com/davecgh/go-spew v1.1.1/go.mod h1:J7Y8YcW2NihsgmVo/mv3lAwl/skON4iLHjSsI+c5H38=
github.com/google/go-cmp v0.5.8 h1:e6P7q2lk1O+qJJb4BtCQXlK8vWEO8V1ZeuEdJNOqZyg=
github.com/google/go-cmp v0.5.8/go.mod h1:17dUlkBOakJ0+DkrSSNjCkIjxS6bF9zb3elmeNGIjoY=
github.com/google/uuid v1.4.0 h1:MtMxsa51/r9yyhkyLsVeVt0B+BGQZzpQiTQ4eHZ8bc4=
github.com/google/uuid v1.4.0/go.mod h1:TIyPZe4MgqvfeYDBFedMoGGpEw/LqOeaOT+nhxU+yHo=
github.com/pmezard/go-difflib v1.0.0 h1:4DBwDE0NGyQoBHbLQYPwSUPoCMWR5BEzIk/f1lZbAQM=
github.com/pmezard/go-difflib v1.0.0/go.mod h1:iKH77koFhYxTK1pcRnkKkqfTogsbg7gZNVY4sRDYZ/4=
github.com/stretchr/testify v1.8.4 h1:CcVxjf3Q8PM0mHUKJCdn+eZZtm5yQwehR5yeSVQQcUk=
github.com/stretchr/testify v1.8.4/go.mod h1:sz/lmYIOXD/1dqDmKjjqLyZ2RngseejIcXlSw2iwfAo=
go.uber.org/mock v0.3.0 h1:3mUxI1No2/60yUYax92Pt8eNOEecx2D3lcXZh2NEZJo=
go.uber.org/mock v0.3.0/go.mod h1:a6FSlNadKUHUa9IP5Vyt1zh4fC7uAwxMutEAscFbkZc=
gopkg.in/check.v1 v0.0.0-20161208181325-20d25e280405 h1:yhCVgyC4o1eVCa2tZl7eS0r+SDo693bJlVdllGtEeKM=
gopkg.in/check.v1 v0.0.0-20161208181325-20d25e280405/go.mod h1:Co6ibVJAznAaIkqp8huTwlJQCZ016jof/cbN4VW5Yz0=
gopkg.in/yaml.v3 v3.0.1 h1:fxVm/GzAzEWqLHuvctI91KS9hhNmmWOoWu0XTYJS7CA=
gopkg.in/yaml.v3 v3.0.1/go.mod h1:K4uyk7z7BCEPqu6E+C64Yfv1cQ7kz7rIZviUmN+EgEM=
